// !$*UTF8*$!
{
	archiveVersion = 1;
	classes = {
	};
	objectVersion = 46;
	objects = {

/* Begin PBXBuildFile section */
		52C9BAE41E206BBD005DA9C2 /* AppDelegate.swift in Sources */ = {isa = PBXBuildFile; fileRef = 52C9BAE31E206BBD005DA9C2 /* AppDelegate.swift */; };
		52C9BAE61E206BBD005DA9C2 /* ViewController.swift in Sources */ = {isa = PBXBuildFile; fileRef = 52C9BAE51E206BBD005DA9C2 /* ViewController.swift */; };
		52C9BAE91E206BBD005DA9C2 /* Main.storyboard in Resources */ = {isa = PBXBuildFile; fileRef = 52C9BAE71E206BBD005DA9C2 /* Main.storyboard */; };
		52C9BAEB1E206BBD005DA9C2 /* Assets.xcassets in Resources */ = {isa = PBXBuildFile; fileRef = 52C9BAEA1E206BBD005DA9C2 /* Assets.xcassets */; };
		52C9BAEE1E206BBD005DA9C2 /* LaunchScreen.storyboard in Resources */ = {isa = PBXBuildFile; fileRef = 52C9BAEC1E206BBD005DA9C2 /* LaunchScreen.storyboard */; };
		52C9BAF91E206BBD005DA9C2 /* Mal_SwiftTests.swift in Sources */ = {isa = PBXBuildFile; fileRef = 52C9BAF81E206BBD005DA9C2 /* Mal_SwiftTests.swift */; };
		52C9BB041E206BBD005DA9C2 /* Mal_SwiftUITests.swift in Sources */ = {isa = PBXBuildFile; fileRef = 52C9BB031E206BBD005DA9C2 /* Mal_SwiftUITests.swift */; };
		52C9BB121E206BDF005DA9C2 /* Parser.swift in Sources */ = {isa = PBXBuildFile; fileRef = 52C9BB111E206BDF005DA9C2 /* Parser.swift */; };
/* End PBXBuildFile section */

/* Begin PBXContainerItemProxy section */
		52C9BAF51E206BBD005DA9C2 /* PBXContainerItemProxy */ = {
			isa = PBXContainerItemProxy;
			containerPortal = 52C9BAD81E206BBD005DA9C2 /* Project object */;
			proxyType = 1;
			remoteGlobalIDString = 52C9BADF1E206BBD005DA9C2;
			remoteInfo = "Mal-Swift";
		};
		52C9BB001E206BBD005DA9C2 /* PBXContainerItemProxy */ = {
			isa = PBXContainerItemProxy;
			containerPortal = 52C9BAD81E206BBD005DA9C2 /* Project object */;
			proxyType = 1;
			remoteGlobalIDString = 52C9BADF1E206BBD005DA9C2;
			remoteInfo = "Mal-Swift";
		};
/* End PBXContainerItemProxy section */

/* Begin PBXFileReference section */
		52C9BAE01E206BBD005DA9C2 /* Mal-Swift.app */ = {isa = PBXFileReference; explicitFileType = wrapper.application; includeInIndex = 0; path = "Mal-Swift.app"; sourceTree = BUILT_PRODUCTS_DIR; };
		52C9BAE31E206BBD005DA9C2 /* AppDelegate.swift */ = {isa = PBXFileReference; lastKnownFileType = sourcecode.swift; path = AppDelegate.swift; sourceTree = "<group>"; };
		52C9BAE51E206BBD005DA9C2 /* ViewController.swift */ = {isa = PBXFileReference; lastKnownFileType = sourcecode.swift; path = ViewController.swift; sourceTree = "<group>"; };
		52C9BAE81E206BBD005DA9C2 /* Base */ = {isa = PBXFileReference; lastKnownFileType = file.storyboard; name = Base; path = Base.lproj/Main.storyboard; sourceTree = "<group>"; };
		52C9BAEA1E206BBD005DA9C2 /* Assets.xcassets */ = {isa = PBXFileReference; lastKnownFileType = folder.assetcatalog; path = Assets.xcassets; sourceTree = "<group>"; };
		52C9BAED1E206BBD005DA9C2 /* Base */ = {isa = PBXFileReference; lastKnownFileType = file.storyboard; name = Base; path = Base.lproj/LaunchScreen.storyboard; sourceTree = "<group>"; };
		52C9BAEF1E206BBD005DA9C2 /* Info.plist */ = {isa = PBXFileReference; lastKnownFileType = text.plist.xml; path = Info.plist; sourceTree = "<group>"; };
		52C9BAF41E206BBD005DA9C2 /* Mal-SwiftTests.xctest */ = {isa = PBXFileReference; explicitFileType = wrapper.cfbundle; includeInIndex = 0; path = "Mal-SwiftTests.xctest"; sourceTree = BUILT_PRODUCTS_DIR; };
		52C9BAF81E206BBD005DA9C2 /* Mal_SwiftTests.swift */ = {isa = PBXFileReference; lastKnownFileType = sourcecode.swift; path = Mal_SwiftTests.swift; sourceTree = "<group>"; };
		52C9BAFA1E206BBD005DA9C2 /* Info.plist */ = {isa = PBXFileReference; lastKnownFileType = text.plist.xml; path = Info.plist; sourceTree = "<group>"; };
		52C9BAFF1E206BBD005DA9C2 /* Mal-SwiftUITests.xctest */ = {isa = PBXFileReference; explicitFileType = wrapper.cfbundle; includeInIndex = 0; path = "Mal-SwiftUITests.xctest"; sourceTree = BUILT_PRODUCTS_DIR; };
		52C9BB031E206BBD005DA9C2 /* Mal_SwiftUITests.swift */ = {isa = PBXFileReference; lastKnownFileType = sourcecode.swift; path = Mal_SwiftUITests.swift; sourceTree = "<group>"; };
		52C9BB051E206BBD005DA9C2 /* Info.plist */ = {isa = PBXFileReference; lastKnownFileType = text.plist.xml; path = Info.plist; sourceTree = "<group>"; };
		52C9BB111E206BDF005DA9C2 /* Parser.swift */ = {isa = PBXFileReference; fileEncoding = 4; lastKnownFileType = sourcecode.swift; path = Parser.swift; sourceTree = "<group>"; };
/* End PBXFileReference section */

/* Begin PBXFrameworksBuildPhase section */
		52C9BADD1E206BBD005DA9C2 /* Frameworks */ = {
			isa = PBXFrameworksBuildPhase;
			buildActionMask = 2147483647;
			files = (
			);
			runOnlyForDeploymentPostprocessing = 0;
		};
		52C9BAF11E206BBD005DA9C2 /* Frameworks */ = {
			isa = PBXFrameworksBuildPhase;
			buildActionMask = 2147483647;
			files = (
			);
			runOnlyForDeploymentPostprocessing = 0;
		};
		52C9BAFC1E206BBD005DA9C2 /* Frameworks */ = {
			isa = PBXFrameworksBuildPhase;
			buildActionMask = 2147483647;
			files = (
			);
			runOnlyForDeploymentPostprocessing = 0;
		};
/* End PBXFrameworksBuildPhase section */

/* Begin PBXGroup section */
		52C9BAD71E206BBD005DA9C2 = {
			isa = PBXGroup;
			children = (
				52C9BAE21E206BBD005DA9C2 /* Mal-Swift */,
				52C9BAF71E206BBD005DA9C2 /* Mal-SwiftTests */,
				52C9BB021E206BBD005DA9C2 /* Mal-SwiftUITests */,
				52C9BAE11E206BBD005DA9C2 /* Products */,
			);
			sourceTree = "<group>";
		};
		52C9BAE11E206BBD005DA9C2 /* Products */ = {
			isa = PBXGroup;
			children = (
				52C9BAE01E206BBD005DA9C2 /* Mal-Swift.app */,
				52C9BAF41E206BBD005DA9C2 /* Mal-SwiftTests.xctest */,
				52C9BAFF1E206BBD005DA9C2 /* Mal-SwiftUITests.xctest */,
			);
			name = Products;
			sourceTree = "<group>";
		};
		52C9BAE21E206BBD005DA9C2 /* Mal-Swift */ = {
			isa = PBXGroup;
			children = (
				52C9BAE31E206BBD005DA9C2 /* AppDelegate.swift */,
				52C9BAE51E206BBD005DA9C2 /* ViewController.swift */,
				52C9BB111E206BDF005DA9C2 /* Parser.swift */,
				52C9BAE71E206BBD005DA9C2 /* Main.storyboard */,
				52C9BAEA1E206BBD005DA9C2 /* Assets.xcassets */,
				52C9BAEC1E206BBD005DA9C2 /* LaunchScreen.storyboard */,
				52C9BAEF1E206BBD005DA9C2 /* Info.plist */,
			);
			path = "Mal-Swift";
			sourceTree = "<group>";
		};
		52C9BAF71E206BBD005DA9C2 /* Mal-SwiftTests */ = {
			isa = PBXGroup;
			children = (
				52C9BAF81E206BBD005DA9C2 /* Mal_SwiftTests.swift */,
				52C9BAFA1E206BBD005DA9C2 /* Info.plist */,
			);
			path = "Mal-SwiftTests";
			sourceTree = "<group>";
		};
		52C9BB021E206BBD005DA9C2 /* Mal-SwiftUITests */ = {
			isa = PBXGroup;
			children = (
				52C9BB031E206BBD005DA9C2 /* Mal_SwiftUITests.swift */,
				52C9BB051E206BBD005DA9C2 /* Info.plist */,
			);
			path = "Mal-SwiftUITests";
			sourceTree = "<group>";
		};
/* End PBXGroup section */

/* Begin PBXNativeTarget section */
		52C9BADF1E206BBD005DA9C2 /* Mal-Swift */ = {
			isa = PBXNativeTarget;
			buildConfigurationList = 52C9BB081E206BBD005DA9C2 /* Build configuration list for PBXNativeTarget "Mal-Swift" */;
			buildPhases = (
				52C9BADC1E206BBD005DA9C2 /* Sources */,
				52C9BADD1E206BBD005DA9C2 /* Frameworks */,
				52C9BADE1E206BBD005DA9C2 /* Resources */,
			);
			buildRules = (
			);
			dependencies = (
			);
			name = "Mal-Swift";
			productName = "Mal-Swift";
			productReference = 52C9BAE01E206BBD005DA9C2 /* Mal-Swift.app */;
			productType = "com.apple.product-type.application";
		};
		52C9BAF31E206BBD005DA9C2 /* Mal-SwiftTests */ = {
			isa = PBXNativeTarget;
			buildConfigurationList = 52C9BB0B1E206BBD005DA9C2 /* Build configuration list for PBXNativeTarget "Mal-SwiftTests" */;
			buildPhases = (
				52C9BAF01E206BBD005DA9C2 /* Sources */,
				52C9BAF11E206BBD005DA9C2 /* Frameworks */,
				52C9BAF21E206BBD005DA9C2 /* Resources */,
			);
			buildRules = (
			);
			dependencies = (
				52C9BAF61E206BBD005DA9C2 /* PBXTargetDependency */,
			);
			name = "Mal-SwiftTests";
			productName = "Mal-SwiftTests";
			productReference = 52C9BAF41E206BBD005DA9C2 /* Mal-SwiftTests.xctest */;
			productType = "com.apple.product-type.bundle.unit-test";
		};
		52C9BAFE1E206BBD005DA9C2 /* Mal-SwiftUITests */ = {
			isa = PBXNativeTarget;
			buildConfigurationList = 52C9BB0E1E206BBD005DA9C2 /* Build configuration list for PBXNativeTarget "Mal-SwiftUITests" */;
			buildPhases = (
				52C9BAFB1E206BBD005DA9C2 /* Sources */,
				52C9BAFC1E206BBD005DA9C2 /* Frameworks */,
				52C9BAFD1E206BBD005DA9C2 /* Resources */,
			);
			buildRules = (
			);
			dependencies = (
				52C9BB011E206BBD005DA9C2 /* PBXTargetDependency */,
			);
			name = "Mal-SwiftUITests";
			productName = "Mal-SwiftUITests";
			productReference = 52C9BAFF1E206BBD005DA9C2 /* Mal-SwiftUITests.xctest */;
			productType = "com.apple.product-type.bundle.ui-testing";
		};
/* End PBXNativeTarget section */

/* Begin PBXProject section */
		52C9BAD81E206BBD005DA9C2 /* Project object */ = {
			isa = PBXProject;
			attributes = {
				LastSwiftUpdateCheck = 0820;
				LastUpgradeCheck = 0820;
				ORGANIZATIONNAME = benjamin28;
				TargetAttributes = {
					52C9BADF1E206BBD005DA9C2 = {
						CreatedOnToolsVersion = 8.2.1;
						ProvisioningStyle = Automatic;
					};
					52C9BAF31E206BBD005DA9C2 = {
						CreatedOnToolsVersion = 8.2.1;
						ProvisioningStyle = Automatic;
						TestTargetID = 52C9BADF1E206BBD005DA9C2;
					};
					52C9BAFE1E206BBD005DA9C2 = {
						CreatedOnToolsVersion = 8.2.1;
						ProvisioningStyle = Automatic;
						TestTargetID = 52C9BADF1E206BBD005DA9C2;
					};
				};
			};
			buildConfigurationList = 52C9BADB1E206BBD005DA9C2 /* Build configuration list for PBXProject "Mal-Swift" */;
			compatibilityVersion = "Xcode 3.2";
			developmentRegion = English;
			hasScannedForEncodings = 0;
			knownRegions = (
				en,
				Base,
			);
			mainGroup = 52C9BAD71E206BBD005DA9C2;
			productRefGroup = 52C9BAE11E206BBD005DA9C2 /* Products */;
			projectDirPath = "";
			projectRoot = "";
			targets = (
				52C9BADF1E206BBD005DA9C2 /* Mal-Swift */,
				52C9BAF31E206BBD005DA9C2 /* Mal-SwiftTests */,
				52C9BAFE1E206BBD005DA9C2 /* Mal-SwiftUITests */,
			);
		};
/* End PBXProject section */

/* Begin PBXResourcesBuildPhase section */
		52C9BADE1E206BBD005DA9C2 /* Resources */ = {
			isa = PBXResourcesBuildPhase;
			buildActionMask = 2147483647;
			files = (
				52C9BAEE1E206BBD005DA9C2 /* LaunchScreen.storyboard in Resources */,
				52C9BAEB1E206BBD005DA9C2 /* Assets.xcassets in Resources */,
				52C9BAE91E206BBD005DA9C2 /* Main.storyboard in Resources */,
			);
			runOnlyForDeploymentPostprocessing = 0;
		};
		52C9BAF21E206BBD005DA9C2 /* Resources */ = {
			isa = PBXResourcesBuildPhase;
			buildActionMask = 2147483647;
			files = (
			);
			runOnlyForDeploymentPostprocessing = 0;
		};
		52C9BAFD1E206BBD005DA9C2 /* Resources */ = {
			isa = PBXResourcesBuildPhase;
			buildActionMask = 2147483647;
			files = (
			);
			runOnlyForDeploymentPostprocessing = 0;
		};
/* End PBXResourcesBuildPhase section */

/* Begin PBXSourcesBuildPhase section */
		52C9BADC1E206BBD005DA9C2 /* Sources */ = {
			isa = PBXSourcesBuildPhase;
			buildActionMask = 2147483647;
			files = (
				52C9BAE61E206BBD005DA9C2 /* ViewController.swift in Sources */,
				52C9BAE41E206BBD005DA9C2 /* AppDelegate.swift in Sources */,
				52C9BB121E206BDF005DA9C2 /* Parser.swift in Sources */,
			);
			runOnlyForDeploymentPostprocessing = 0;
		};
		52C9BAF01E206BBD005DA9C2 /* Sources */ = {
			isa = PBXSourcesBuildPhase;
			buildActionMask = 2147483647;
			files = (
				52C9BAF91E206BBD005DA9C2 /* Mal_SwiftTests.swift in Sources */,
			);
			runOnlyForDeploymentPostprocessing = 0;
		};
		52C9BAFB1E206BBD005DA9C2 /* Sources */ = {
			isa = PBXSourcesBuildPhase;
			buildActionMask = 2147483647;
			files = (
				52C9BB041E206BBD005DA9C2 /* Mal_SwiftUITests.swift in Sources */,
			);
			runOnlyForDeploymentPostprocessing = 0;
		};
/* End PBXSourcesBuildPhase section */

/* Begin PBXTargetDependency section */
		52C9BAF61E206BBD005DA9C2 /* PBXTargetDependency */ = {
			isa = PBXTargetDependency;
			target = 52C9BADF1E206BBD005DA9C2 /* Mal-Swift */;
			targetProxy = 52C9BAF51E206BBD005DA9C2 /* PBXContainerItemProxy */;
		};
		52C9BB011E206BBD005DA9C2 /* PBXTargetDependency */ = {
			isa = PBXTargetDependency;
			target = 52C9BADF1E206BBD005DA9C2 /* Mal-Swift */;
			targetProxy = 52C9BB001E206BBD005DA9C2 /* PBXContainerItemProxy */;
		};
/* End PBXTargetDependency section */

/* Begin PBXVariantGroup section */
		52C9BAE71E206BBD005DA9C2 /* Main.storyboard */ = {
			isa = PBXVariantGroup;
			children = (
				52C9BAE81E206BBD005DA9C2 /* Base */,
			);
			name = Main.storyboard;
			sourceTree = "<group>";
		};
		52C9BAEC1E206BBD005DA9C2 /* LaunchScreen.storyboard */ = {
			isa = PBXVariantGroup;
			children = (
				52C9BAED1E206BBD005DA9C2 /* Base */,
			);
			name = LaunchScreen.storyboard;
			sourceTree = "<group>";
		};
/* End PBXVariantGroup section */

/* Begin XCBuildConfiguration section */
		52C9BB061E206BBD005DA9C2 /* Debug */ = {
			isa = XCBuildConfiguration;
			buildSettings = {
				ALWAYS_SEARCH_USER_PATHS = NO;
				CLANG_ANALYZER_NONNULL = YES;
				CLANG_CXX_LANGUAGE_STANDARD = "gnu++0x";
				CLANG_CXX_LIBRARY = "libc++";
				CLANG_ENABLE_MODULES = YES;
				CLANG_ENABLE_OBJC_ARC = YES;
				CLANG_WARN_BOOL_CONVERSION = YES;
				CLANG_WARN_CONSTANT_CONVERSION = YES;
				CLANG_WARN_DIRECT_OBJC_ISA_USAGE = YES_ERROR;
				CLANG_WARN_DOCUMENTATION_COMMENTS = YES;
				CLANG_WARN_EMPTY_BODY = YES;
				CLANG_WARN_ENUM_CONVERSION = YES;
				CLANG_WARN_INFINITE_RECURSION = YES;
				CLANG_WARN_INT_CONVERSION = YES;
				CLANG_WARN_OBJC_ROOT_CLASS = YES_ERROR;
				CLANG_WARN_SUSPICIOUS_MOVE = YES;
				CLANG_WARN_UNREACHABLE_CODE = YES;
				CLANG_WARN__DUPLICATE_METHOD_MATCH = YES;
				"CODE_SIGN_IDENTITY[sdk=iphoneos*]" = "iPhone Developer";
				COPY_PHASE_STRIP = NO;
				DEBUG_INFORMATION_FORMAT = dwarf;
				ENABLE_STRICT_OBJC_MSGSEND = YES;
				ENABLE_TESTABILITY = YES;
				GCC_C_LANGUAGE_STANDARD = gnu99;
				GCC_DYNAMIC_NO_PIC = NO;
				GCC_NO_COMMON_BLOCKS = YES;
				GCC_OPTIMIZATION_LEVEL = 0;
				GCC_PREPROCESSOR_DEFINITIONS = (
					"DEBUG=1",
					"$(inherited)",
				);
				GCC_WARN_64_TO_32_BIT_CONVERSION = YES;
				GCC_WARN_ABOUT_RETURN_TYPE = YES_ERROR;
				GCC_WARN_UNDECLARED_SELECTOR = YES;
				GCC_WARN_UNINITIALIZED_AUTOS = YES_AGGRESSIVE;
				GCC_WARN_UNUSED_FUNCTION = YES;
				GCC_WARN_UNUSED_VARIABLE = YES;
				IPHONEOS_DEPLOYMENT_TARGET = 10.2;
				MTL_ENABLE_DEBUG_INFO = YES;
				ONLY_ACTIVE_ARCH = YES;
				SDKROOT = iphoneos;
				SWIFT_ACTIVE_COMPILATION_CONDITIONS = DEBUG;
				SWIFT_OPTIMIZATION_LEVEL = "-Onone";
				TARGETED_DEVICE_FAMILY = "1,2";
			};
			name = Debug;
		};
		52C9BB071E206BBD005DA9C2 /* Release */ = {
			isa = XCBuildConfiguration;
			buildSettings = {
				ALWAYS_SEARCH_USER_PATHS = NO;
				CLANG_ANALYZER_NONNULL = YES;
				CLANG_CXX_LANGUAGE_STANDARD = "gnu++0x";
				CLANG_CXX_LIBRARY = "libc++";
				CLANG_ENABLE_MODULES = YES;
				CLANG_ENABLE_OBJC_ARC = YES;
				CLANG_WARN_BOOL_CONVERSION = YES;
				CLANG_WARN_CONSTANT_CONVERSION = YES;
				CLANG_WARN_DIRECT_OBJC_ISA_USAGE = YES_ERROR;
				CLANG_WARN_DOCUMENTATION_COMMENTS = YES;
				CLANG_WARN_EMPTY_BODY = YES;
				CLANG_WARN_ENUM_CONVERSION = YES;
				CLANG_WARN_INFINITE_RECURSION = YES;
				CLANG_WARN_INT_CONVERSION = YES;
				CLANG_WARN_OBJC_ROOT_CLASS = YES_ERROR;
				CLANG_WARN_SUSPICIOUS_MOVE = YES;
				CLANG_WARN_UNREACHABLE_CODE = YES;
				CLANG_WARN__DUPLICATE_METHOD_MATCH = YES;
				"CODE_SIGN_IDENTITY[sdk=iphoneos*]" = "iPhone Developer";
				COPY_PHASE_STRIP = NO;
				DEBUG_INFORMATION_FORMAT = "dwarf-with-dsym";
				ENABLE_NS_ASSERTIONS = NO;
				ENABLE_STRICT_OBJC_MSGSEND = YES;
				GCC_C_LANGUAGE_STANDARD = gnu99;
				GCC_NO_COMMON_BLOCKS = YES;
				GCC_WARN_64_TO_32_BIT_CONVERSION = YES;
				GCC_WARN_ABOUT_RETURN_TYPE = YES_ERROR;
				GCC_WARN_UNDECLARED_SELECTOR = YES;
				GCC_WARN_UNINITIALIZED_AUTOS = YES_AGGRESSIVE;
				GCC_WARN_UNUSED_FUNCTION = YES;
				GCC_WARN_UNUSED_VARIABLE = YES;
				IPHONEOS_DEPLOYMENT_TARGET = 10.2;
				MTL_ENABLE_DEBUG_INFO = NO;
				SDKROOT = iphoneos;
				SWIFT_OPTIMIZATION_LEVEL = "-Owholemodule";
				TARGETED_DEVICE_FAMILY = "1,2";
				VALIDATE_PRODUCT = YES;
			};
			name = Release;
		};
		52C9BB091E206BBD005DA9C2 /* Debug */ = {
			isa = XCBuildConfiguration;
			buildSettings = {
				ASSETCATALOG_COMPILER_APPICON_NAME = AppIcon;
				INFOPLIST_FILE = "Mal-Swift/Info.plist";
				LD_RUNPATH_SEARCH_PATHS = "$(inherited) @executable_path/Frameworks";
				PRODUCT_BUNDLE_IDENTIFIER = "ben.Mal-Swift";
				PRODUCT_NAME = "$(TARGET_NAME)";
				SWIFT_VERSION = 3.0;
			};
			name = Debug;
		};
		52C9BB0A1E206BBD005DA9C2 /* Release */ = {
			isa = XCBuildConfiguration;
			buildSettings = {
				ASSETCATALOG_COMPILER_APPICON_NAME = AppIcon;
				INFOPLIST_FILE = "Mal-Swift/Info.plist";
				LD_RUNPATH_SEARCH_PATHS = "$(inherited) @executable_path/Frameworks";
				PRODUCT_BUNDLE_IDENTIFIER = "ben.Mal-Swift";
				PRODUCT_NAME = "$(TARGET_NAME)";
				SWIFT_VERSION = 3.0;
			};
			name = Release;
		};
		52C9BB0C1E206BBD005DA9C2 /* Debug */ = {
			isa = XCBuildConfiguration;
			buildSettings = {
				ALWAYS_EMBED_SWIFT_STANDARD_LIBRARIES = YES;
				BUNDLE_LOADER = "$(TEST_HOST)";
				INFOPLIST_FILE = "Mal-SwiftTests/Info.plist";
				LD_RUNPATH_SEARCH_PATHS = "$(inherited) @executable_path/Frameworks @loader_path/Frameworks";
				PRODUCT_BUNDLE_IDENTIFIER = "ben.Mal-SwiftTests";
				PRODUCT_NAME = "$(TARGET_NAME)";
				SWIFT_VERSION = 3.0;
				TEST_HOST = "$(BUILT_PRODUCTS_DIR)/Mal-Swift.app/Mal-Swift";
			};
			name = Debug;
		};
		52C9BB0D1E206BBD005DA9C2 /* Release */ = {
			isa = XCBuildConfiguration;
			buildSettings = {
				ALWAYS_EMBED_SWIFT_STANDARD_LIBRARIES = YES;
				BUNDLE_LOADER = "$(TEST_HOST)";
				INFOPLIST_FILE = "Mal-SwiftTests/Info.plist";
				LD_RUNPATH_SEARCH_PATHS = "$(inherited) @executable_path/Frameworks @loader_path/Frameworks";
				PRODUCT_BUNDLE_IDENTIFIER = "ben.Mal-SwiftTests";
				PRODUCT_NAME = "$(TARGET_NAME)";
				SWIFT_VERSION = 3.0;
				TEST_HOST = "$(BUILT_PRODUCTS_DIR)/Mal-Swift.app/Mal-Swift";
			};
			name = Release;
		};
		52C9BB0F1E206BBD005DA9C2 /* Debug */ = {
			isa = XCBuildConfiguration;
			buildSettings = {
				ALWAYS_EMBED_SWIFT_STANDARD_LIBRARIES = YES;
				INFOPLIST_FILE = "Mal-SwiftUITests/Info.plist";
				LD_RUNPATH_SEARCH_PATHS = "$(inherited) @executable_path/Frameworks @loader_path/Frameworks";
				PRODUCT_BUNDLE_IDENTIFIER = "ben.Mal-SwiftUITests";
				PRODUCT_NAME = "$(TARGET_NAME)";
				SWIFT_VERSION = 3.0;
				TEST_TARGET_NAME = "Mal-Swift";
			};
			name = Debug;
		};
		52C9BB101E206BBD005DA9C2 /* Release */ = {
			isa = XCBuildConfiguration;
			buildSettings = {
				ALWAYS_EMBED_SWIFT_STANDARD_LIBRARIES = YES;
				INFOPLIST_FILE = "Mal-SwiftUITests/Info.plist";
				LD_RUNPATH_SEARCH_PATHS = "$(inherited) @executable_path/Frameworks @loader_path/Frameworks";
				PRODUCT_BUNDLE_IDENTIFIER = "ben.Mal-SwiftUITests";
				PRODUCT_NAME = "$(TARGET_NAME)";
				SWIFT_VERSION = 3.0;
				TEST_TARGET_NAME = "Mal-Swift";
			};
			name = Release;
		};
/* End XCBuildConfiguration section */

/* Begin XCConfigurationList section */
		52C9BADB1E206BBD005DA9C2 /* Build configuration list for PBXProject "Mal-Swift" */ = {
			isa = XCConfigurationList;
			buildConfigurations = (
				52C9BB061E206BBD005DA9C2 /* Debug */,
				52C9BB071E206BBD005DA9C2 /* Release */,
			);
			defaultConfigurationIsVisible = 0;
			defaultConfigurationName = Release;
		};
		52C9BB081E206BBD005DA9C2 /* Build configuration list for PBXNativeTarget "Mal-Swift" */ = {
			isa = XCConfigurationList;
			buildConfigurations = (
				52C9BB091E206BBD005DA9C2 /* Debug */,
				52C9BB0A1E206BBD005DA9C2 /* Release */,
			);
			defaultConfigurationIsVisible = 0;
		};
		52C9BB0B1E206BBD005DA9C2 /* Build configuration list for PBXNativeTarget "Mal-SwiftTests" */ = {
			isa = XCConfigurationList;
			buildConfigurations = (
				52C9BB0C1E206BBD005DA9C2 /* Debug */,
				52C9BB0D1E206BBD005DA9C2 /* Release */,
			);
			defaultConfigurationIsVisible = 0;
		};
		52C9BB0E1E206BBD005DA9C2 /* Build configuration list for PBXNativeTarget "Mal-SwiftUITests" */ = {
			isa = XCConfigurationList;
			buildConfigurations = (
				52C9BB0F1E206BBD005DA9C2 /* Debug */,
				52C9BB101E206BBD005DA9C2 /* Release */,
			);
			defaultConfigurationIsVisible = 0;
		};
/* End XCConfigurationList section */
	};
	rootObject = 52C9BAD81E206BBD005DA9C2 /* Project object */;
}
